// !$*UTF8*$!
{
	archiveVersion = 1;
	classes = {
	};
	objectVersion = 48;
	objects = {

/* Begin PBXBuildFile section */
		13B3D0D72042EC5200BB2479 /* AppDelegate.swift in Sources */ = {isa = PBXBuildFile; fileRef = 13B3D0D62042EC5200BB2479 /* AppDelegate.swift */; };
		13B3D0DC2042EC5200BB2479 /* Main.storyboard in Resources */ = {isa = PBXBuildFile; fileRef = 13B3D0DA2042EC5200BB2479 /* Main.storyboard */; };
		13B3D0DE2042EC5200BB2479 /* Assets.xcassets in Resources */ = {isa = PBXBuildFile; fileRef = 13B3D0DD2042EC5200BB2479 /* Assets.xcassets */; };
		13B3D0E12042EC5200BB2479 /* LaunchScreen.storyboard in Resources */ = {isa = PBXBuildFile; fileRef = 13B3D0DF2042EC5200BB2479 /* LaunchScreen.storyboard */; };
		13B3D0EC2042EC5200BB2479 /* FoodTrackerTests.swift in Sources */ = {isa = PBXBuildFile; fileRef = 13B3D0EB2042EC5200BB2479 /* FoodTrackerTests.swift */; };
		13B3D0F72042EC5200BB2479 /* FoodTrackerUITests.swift in Sources */ = {isa = PBXBuildFile; fileRef = 13B3D0F62042EC5200BB2479 /* FoodTrackerUITests.swift */; };
		5106694F20C82EF0003650D3 /* Meal.xcdatamodeld in Sources */ = {isa = PBXBuildFile; fileRef = 5106694D20C82EF0003650D3 /* Meal.xcdatamodeld */; };
		51B202A420C83761007735C8 /* Meal+CoreDataClass.swift in Sources */ = {isa = PBXBuildFile; fileRef = 51B202A220C83761007735C8 /* Meal+CoreDataClass.swift */; };
		51B202A520C83761007735C8 /* Meal+CoreDataProperties.swift in Sources */ = {isa = PBXBuildFile; fileRef = 51B202A320C83761007735C8 /* Meal+CoreDataProperties.swift */; };
		51B202A720C838EE007735C8 /* MealCoreData.swift in Sources */ = {isa = PBXBuildFile; fileRef = 51B202A620C838EE007735C8 /* MealCoreData.swift */; };
/* End PBXBuildFile section */

/* Begin PBXContainerItemProxy section */
		13B3D0E82042EC5200BB2479 /* PBXContainerItemProxy */ = {
			isa = PBXContainerItemProxy;
			containerPortal = 13B3D0CB2042EC5200BB2479 /* Project object */;
			proxyType = 1;
			remoteGlobalIDString = 13B3D0D22042EC5200BB2479;
			remoteInfo = FoodTracker;
		};
		13B3D0F32042EC5200BB2479 /* PBXContainerItemProxy */ = {
			isa = PBXContainerItemProxy;
			containerPortal = 13B3D0CB2042EC5200BB2479 /* Project object */;
			proxyType = 1;
			remoteGlobalIDString = 13B3D0D22042EC5200BB2479;
			remoteInfo = FoodTracker;
		};
/* End PBXContainerItemProxy section */

/* Begin PBXFileReference section */
		13B3D0D32042EC5200BB2479 /* FoodTracker.app */ = {isa = PBXFileReference; explicitFileType = wrapper.application; includeInIndex = 0; path = FoodTracker.app; sourceTree = BUILT_PRODUCTS_DIR; };
		13B3D0D62042EC5200BB2479 /* AppDelegate.swift */ = {isa = PBXFileReference; lastKnownFileType = sourcecode.swift; path = AppDelegate.swift; sourceTree = "<group>"; };
		13B3D0DB2042EC5200BB2479 /* Base */ = {isa = PBXFileReference; lastKnownFileType = file.storyboard; name = Base; path = Base.lproj/Main.storyboard; sourceTree = "<group>"; };
		13B3D0DD2042EC5200BB2479 /* Assets.xcassets */ = {isa = PBXFileReference; lastKnownFileType = folder.assetcatalog; path = Assets.xcassets; sourceTree = "<group>"; };
		13B3D0E02042EC5200BB2479 /* Base */ = {isa = PBXFileReference; lastKnownFileType = file.storyboard; name = Base; path = Base.lproj/LaunchScreen.storyboard; sourceTree = "<group>"; };
		13B3D0E22042EC5200BB2479 /* Info.plist */ = {isa = PBXFileReference; lastKnownFileType = text.plist.xml; path = Info.plist; sourceTree = "<group>"; };
		13B3D0E72042EC5200BB2479 /* FoodTrackerTests.xctest */ = {isa = PBXFileReference; explicitFileType = wrapper.cfbundle; includeInIndex = 0; path = FoodTrackerTests.xctest; sourceTree = BUILT_PRODUCTS_DIR; };
		13B3D0EB2042EC5200BB2479 /* FoodTrackerTests.swift */ = {isa = PBXFileReference; lastKnownFileType = sourcecode.swift; path = FoodTrackerTests.swift; sourceTree = "<group>"; };
		13B3D0ED2042EC5200BB2479 /* Info.plist */ = {isa = PBXFileReference; lastKnownFileType = text.plist.xml; path = Info.plist; sourceTree = "<group>"; };
		13B3D0F22042EC5200BB2479 /* FoodTrackerUITests.xctest */ = {isa = PBXFileReference; explicitFileType = wrapper.cfbundle; includeInIndex = 0; path = FoodTrackerUITests.xctest; sourceTree = BUILT_PRODUCTS_DIR; };
		13B3D0F62042EC5200BB2479 /* FoodTrackerUITests.swift */ = {isa = PBXFileReference; lastKnownFileType = sourcecode.swift; path = FoodTrackerUITests.swift; sourceTree = "<group>"; };
		13B3D0F82042EC5200BB2479 /* Info.plist */ = {isa = PBXFileReference; lastKnownFileType = text.plist.xml; path = Info.plist; sourceTree = "<group>"; };
		5106694E20C82EF0003650D3 /* Meal.xcdatamodel */ = {isa = PBXFileReference; lastKnownFileType = wrapper.xcdatamodel; path = Meal.xcdatamodel; sourceTree = "<group>"; };
		51B202A220C83761007735C8 /* Meal+CoreDataClass.swift */ = {isa = PBXFileReference; lastKnownFileType = sourcecode.swift; path = "Meal+CoreDataClass.swift"; sourceTree = "<group>"; };
		51B202A320C83761007735C8 /* Meal+CoreDataProperties.swift */ = {isa = PBXFileReference; lastKnownFileType = sourcecode.swift; path = "Meal+CoreDataProperties.swift"; sourceTree = "<group>"; };
		51B202A620C838EE007735C8 /* MealCoreData.swift */ = {isa = PBXFileReference; lastKnownFileType = sourcecode.swift; path = MealCoreData.swift; sourceTree = "<group>"; };
/* End PBXFileReference section */

/* Begin PBXFrameworksBuildPhase section */
		13B3D0D02042EC5200BB2479 /* Frameworks */ = {
			isa = PBXFrameworksBuildPhase;
			buildActionMask = 2147483647;
			files = (
			);
			runOnlyForDeploymentPostprocessing = 0;
		};
		13B3D0E42042EC5200BB2479 /* Frameworks */ = {
			isa = PBXFrameworksBuildPhase;
			buildActionMask = 2147483647;
			files = (
			);
			runOnlyForDeploymentPostprocessing = 0;
		};
		13B3D0EF2042EC5200BB2479 /* Frameworks */ = {
			isa = PBXFrameworksBuildPhase;
			buildActionMask = 2147483647;
			files = (
			);
			runOnlyForDeploymentPostprocessing = 0;
		};
/* End PBXFrameworksBuildPhase section */

/* Begin PBXGroup section */
		13B3D0CA2042EC5200BB2479 = {
			isa = PBXGroup;
			children = (
				13B3D0D52042EC5200BB2479 /* FoodTracker */,
				13B3D0EA2042EC5200BB2479 /* FoodTrackerTests */,
				13B3D0F52042EC5200BB2479 /* FoodTrackerUITests */,
				13B3D0D42042EC5200BB2479 /* Products */,
			);
			sourceTree = "<group>";
		};
		13B3D0D42042EC5200BB2479 /* Products */ = {
			isa = PBXGroup;
			children = (
				13B3D0D32042EC5200BB2479 /* FoodTracker.app */,
				13B3D0E72042EC5200BB2479 /* FoodTrackerTests.xctest */,
				13B3D0F22042EC5200BB2479 /* FoodTrackerUITests.xctest */,
			);
			name = Products;
			sourceTree = "<group>";
		};
		13B3D0D52042EC5200BB2479 /* FoodTracker */ = {
			isa = PBXGroup;
			children = (
				51B202A220C83761007735C8 /* Meal+CoreDataClass.swift */,
				51B202A320C83761007735C8 /* Meal+CoreDataProperties.swift */,
				13B3D0D62042EC5200BB2479 /* AppDelegate.swift */,
				51B202A620C838EE007735C8 /* MealCoreData.swift */,
				13B3D0DA2042EC5200BB2479 /* Main.storyboard */,
				13B3D0DD2042EC5200BB2479 /* Assets.xcassets */,
				13B3D0DF2042EC5200BB2479 /* LaunchScreen.storyboard */,
				13B3D0E22042EC5200BB2479 /* Info.plist */,
				5106694D20C82EF0003650D3 /* Meal.xcdatamodeld */,
			);
			path = FoodTracker;
			sourceTree = "<group>";
		};
		13B3D0EA2042EC5200BB2479 /* FoodTrackerTests */ = {
			isa = PBXGroup;
			children = (
				13B3D0EB2042EC5200BB2479 /* FoodTrackerTests.swift */,
				13B3D0ED2042EC5200BB2479 /* Info.plist */,
			);
			path = FoodTrackerTests;
			sourceTree = "<group>";
		};
		13B3D0F52042EC5200BB2479 /* FoodTrackerUITests */ = {
			isa = PBXGroup;
			children = (
				13B3D0F62042EC5200BB2479 /* FoodTrackerUITests.swift */,
				13B3D0F82042EC5200BB2479 /* Info.plist */,
			);
			path = FoodTrackerUITests;
			sourceTree = "<group>";
		};
/* End PBXGroup section */

/* Begin PBXNativeTarget section */
		13B3D0D22042EC5200BB2479 /* FoodTracker */ = {
			isa = PBXNativeTarget;
			buildConfigurationList = 13B3D0FB2042EC5200BB2479 /* Build configuration list for PBXNativeTarget "FoodTracker" */;
			buildPhases = (
				13B3D0CF2042EC5200BB2479 /* Sources */,
				13B3D0D02042EC5200BB2479 /* Frameworks */,
				13B3D0D12042EC5200BB2479 /* Resources */,
			);
			buildRules = (
			);
			dependencies = (
			);
			name = FoodTracker;
			productName = FoodTracker;
			productReference = 13B3D0D32042EC5200BB2479 /* FoodTracker.app */;
			productType = "com.apple.product-type.application";
		};
		13B3D0E62042EC5200BB2479 /* FoodTrackerTests */ = {
			isa = PBXNativeTarget;
			buildConfigurationList = 13B3D0FE2042EC5200BB2479 /* Build configuration list for PBXNativeTarget "FoodTrackerTests" */;
			buildPhases = (
				13B3D0E32042EC5200BB2479 /* Sources */,
				13B3D0E42042EC5200BB2479 /* Frameworks */,
				13B3D0E52042EC5200BB2479 /* Resources */,
			);
			buildRules = (
			);
			dependencies = (
				13B3D0E92042EC5200BB2479 /* PBXTargetDependency */,
			);
			name = FoodTrackerTests;
			productName = FoodTrackerTests;
			productReference = 13B3D0E72042EC5200BB2479 /* FoodTrackerTests.xctest */;
			productType = "com.apple.product-type.bundle.unit-test";
		};
		13B3D0F12042EC5200BB2479 /* FoodTrackerUITests */ = {
			isa = PBXNativeTarget;
			buildConfigurationList = 13B3D1012042EC5200BB2479 /* Build configuration list for PBXNativeTarget "FoodTrackerUITests" */;
			buildPhases = (
				13B3D0EE2042EC5200BB2479 /* Sources */,
				13B3D0EF2042EC5200BB2479 /* Frameworks */,
				13B3D0F02042EC5200BB2479 /* Resources */,
			);
			buildRules = (
			);
			dependencies = (
				13B3D0F42042EC5200BB2479 /* PBXTargetDependency */,
			);
			name = FoodTrackerUITests;
			productName = FoodTrackerUITests;
			productReference = 13B3D0F22042EC5200BB2479 /* FoodTrackerUITests.xctest */;
			productType = "com.apple.product-type.bundle.ui-testing";
		};
/* End PBXNativeTarget section */

/* Begin PBXProject section */
		13B3D0CB2042EC5200BB2479 /* Project object */ = {
			isa = PBXProject;
			attributes = {
				LastSwiftUpdateCheck = 0920;
				LastUpgradeCheck = 0920;
				ORGANIZATIONNAME = "SATO KIYONORI";
				TargetAttributes = {
					13B3D0D22042EC5200BB2479 = {
						CreatedOnToolsVersion = 9.2;
						ProvisioningStyle = Automatic;
					};
					13B3D0E62042EC5200BB2479 = {
						CreatedOnToolsVersion = 9.2;
						ProvisioningStyle = Automatic;
						TestTargetID = 13B3D0D22042EC5200BB2479;
					};
					13B3D0F12042EC5200BB2479 = {
						CreatedOnToolsVersion = 9.2;
						ProvisioningStyle = Automatic;
						TestTargetID = 13B3D0D22042EC5200BB2479;
					};
				};
			};
			buildConfigurationList = 13B3D0CE2042EC5200BB2479 /* Build configuration list for PBXProject "FoodTracker" */;
			compatibilityVersion = "Xcode 8.0";
			developmentRegion = en;
			hasScannedForEncodings = 0;
			knownRegions = (
				en,
				Base,
			);
			mainGroup = 13B3D0CA2042EC5200BB2479;
			productRefGroup = 13B3D0D42042EC5200BB2479 /* Products */;
			projectDirPath = "";
			projectRoot = "";
			targets = (
				13B3D0D22042EC5200BB2479 /* FoodTracker */,
				13B3D0E62042EC5200BB2479 /* FoodTrackerTests */,
				13B3D0F12042EC5200BB2479 /* FoodTrackerUITests */,
			);
		};
/* End PBXProject section */

/* Begin PBXResourcesBuildPhase section */
		13B3D0D12042EC5200BB2479 /* Resources */ = {
			isa = PBXResourcesBuildPhase;
			buildActionMask = 2147483647;
			files = (
				13B3D0E12042EC5200BB2479 /* LaunchScreen.storyboard in Resources */,
				13B3D0DE2042EC5200BB2479 /* Assets.xcassets in Resources */,
				13B3D0DC2042EC5200BB2479 /* Main.storyboard in Resources */,
			);
			runOnlyForDeploymentPostprocessing = 0;
		};
		13B3D0E52042EC5200BB2479 /* Resources */ = {
			isa = PBXResourcesBuildPhase;
			buildActionMask = 2147483647;
			files = (
			);
			runOnlyForDeploymentPostprocessing = 0;
		};
		13B3D0F02042EC5200BB2479 /* Resources */ = {
			isa = PBXResourcesBuildPhase;
			buildActionMask = 2147483647;
			files = (
			);
			runOnlyForDeploymentPostprocessing = 0;
		};
/* End PBXResourcesBuildPhase section */

/* Begin PBXSourcesBuildPhase section */
		13B3D0CF2042EC5200BB2479 /* Sources */ = {
			isa = PBXSourcesBuildPhase;
			buildActionMask = 2147483647;
			files = (
				51B202A420C83761007735C8 /* Meal+CoreDataClass.swift in Sources */,
				51B202A520C83761007735C8 /* Meal+CoreDataProperties.swift in Sources */,
				51B202A720C838EE007735C8 /* MealCoreData.swift in Sources */,
				5106694F20C82EF0003650D3 /* Meal.xcdatamodeld in Sources */,
				13B3D0D72042EC5200BB2479 /* AppDelegate.swift in Sources */,
			);
			runOnlyForDeploymentPostprocessing = 0;
		};
		13B3D0E32042EC5200BB2479 /* Sources */ = {
			isa = PBXSourcesBuildPhase;
			buildActionMask = 2147483647;
			files = (
				13B3D0EC2042EC5200BB2479 /* FoodTrackerTests.swift in Sources */,
			);
			runOnlyForDeploymentPostprocessing = 0;
		};
		13B3D0EE2042EC5200BB2479 /* Sources */ = {
			isa = PBXSourcesBuildPhase;
			buildActionMask = 2147483647;
			files = (
				13B3D0F72042EC5200BB2479 /* FoodTrackerUITests.swift in Sources */,
			);
			runOnlyForDeploymentPostprocessing = 0;
		};
/* End PBXSourcesBuildPhase section */

/* Begin PBXTargetDependency section */
		13B3D0E92042EC5200BB2479 /* PBXTargetDependency */ = {
			isa = PBXTargetDependency;
			target = 13B3D0D22042EC5200BB2479 /* FoodTracker */;
			targetProxy = 13B3D0E82042EC5200BB2479 /* PBXContainerItemProxy */;
		};
		13B3D0F42042EC5200BB2479 /* PBXTargetDependency */ = {
			isa = PBXTargetDependency;
			target = 13B3D0D22042EC5200BB2479 /* FoodTracker */;
			targetProxy = 13B3D0F32042EC5200BB2479 /* PBXContainerItemProxy */;
		};
/* End PBXTargetDependency section */

/* Begin PBXVariantGroup section */
		13B3D0DA2042EC5200BB2479 /* Main.storyboard */ = {
			isa = PBXVariantGroup;
			children = (
				13B3D0DB2042EC5200BB2479 /* Base */,
			);
			name = Main.storyboard;
			sourceTree = "<group>";
		};
		13B3D0DF2042EC5200BB2479 /* LaunchScreen.storyboard */ = {
			isa = PBXVariantGroup;
			children = (
				13B3D0E02042EC5200BB2479 /* Base */,
			);
			name = LaunchScreen.storyboard;
			sourceTree = "<group>";
		};
/* End PBXVariantGroup section */

/* Begin XCBuildConfiguration section */
		13B3D0F92042EC5200BB2479 /* Debug */ = {
			isa = XCBuildConfiguration;
			buildSettings = {
				ALWAYS_SEARCH_USER_PATHS = NO;
				CLANG_ANALYZER_NONNULL = YES;
				CLANG_ANALYZER_NUMBER_OBJECT_CONVERSION = YES_AGGRESSIVE;
				CLANG_CXX_LANGUAGE_STANDARD = "gnu++14";
				CLANG_CXX_LIBRARY = "libc++";
				CLANG_ENABLE_MODULES = YES;
				CLANG_ENABLE_OBJC_ARC = YES;
				CLANG_WARN_BLOCK_CAPTURE_AUTORELEASING = YES;
				CLANG_WARN_BOOL_CONVERSION = YES;
				CLANG_WARN_COMMA = YES;
				CLANG_WARN_CONSTANT_CONVERSION = YES;
				CLANG_WARN_DIRECT_OBJC_ISA_USAGE = YES_ERROR;
				CLANG_WARN_DOCUMENTATION_COMMENTS = YES;
				CLANG_WARN_EMPTY_BODY = YES;
				CLANG_WARN_ENUM_CONVERSION = YES;
				CLANG_WARN_INFINITE_RECURSION = YES;
				CLANG_WARN_INT_CONVERSION = YES;
				CLANG_WARN_NON_LITERAL_NULL_CONVERSION = YES;
				CLANG_WARN_OBJC_LITERAL_CONVERSION = YES;
				CLANG_WARN_OBJC_ROOT_CLASS = YES_ERROR;
				CLANG_WARN_RANGE_LOOP_ANALYSIS = YES;
				CLANG_WARN_STRICT_PROTOTYPES = YES;
				CLANG_WARN_SUSPICIOUS_MOVE = YES;
				CLANG_WARN_UNGUARDED_AVAILABILITY = YES_AGGRESSIVE;
				CLANG_WARN_UNREACHABLE_CODE = YES;
				CLANG_WARN__DUPLICATE_METHOD_MATCH = YES;
				CODE_SIGN_IDENTITY = "iPhone Developer";
				COPY_PHASE_STRIP = NO;
				DEBUG_INFORMATION_FORMAT = dwarf;
				ENABLE_STRICT_OBJC_MSGSEND = YES;
				ENABLE_TESTABILITY = YES;
				GCC_C_LANGUAGE_STANDARD = gnu11;
				GCC_DYNAMIC_NO_PIC = NO;
				GCC_NO_COMMON_BLOCKS = YES;
				GCC_OPTIMIZATION_LEVEL = 0;
				GCC_PREPROCESSOR_DEFINITIONS = (
					"DEBUG=1",
					"$(inherited)",
				);
				GCC_WARN_64_TO_32_BIT_CONVERSION = YES;
				GCC_WARN_ABOUT_RETURN_TYPE = YES_ERROR;
				GCC_WARN_UNDECLARED_SELECTOR = YES;
				GCC_WARN_UNINITIALIZED_AUTOS = YES_AGGRESSIVE;
				GCC_WARN_UNUSED_FUNCTION = YES;
				GCC_WARN_UNUSED_VARIABLE = YES;
				IPHONEOS_DEPLOYMENT_TARGET = 11.2;
				MTL_ENABLE_DEBUG_INFO = YES;
				ONLY_ACTIVE_ARCH = YES;
				SDKROOT = iphoneos;
				SWIFT_ACTIVE_COMPILATION_CONDITIONS = DEBUG;
				SWIFT_OPTIMIZATION_LEVEL = "-Onone";
			};
			name = Debug;
		};
		13B3D0FA2042EC5200BB2479 /* Release */ = {
			isa = XCBuildConfiguration;
			buildSettings = {
				ALWAYS_SEARCH_USER_PATHS = NO;
				CLANG_ANALYZER_NONNULL = YES;
				CLANG_ANALYZER_NUMBER_OBJECT_CONVERSION = YES_AGGRESSIVE;
				CLANG_CXX_LANGUAGE_STANDARD = "gnu++14";
				CLANG_CXX_LIBRARY = "libc++";
				CLANG_ENABLE_MODULES = YES;
				CLANG_ENABLE_OBJC_ARC = YES;
				CLANG_WARN_BLOCK_CAPTURE_AUTORELEASING = YES;
				CLANG_WARN_BOOL_CONVERSION = YES;
				CLANG_WARN_COMMA = YES;
				CLANG_WARN_CONSTANT_CONVERSION = YES;
				CLANG_WARN_DIRECT_OBJC_ISA_USAGE = YES_ERROR;
				CLANG_WARN_DOCUMENTATION_COMMENTS = YES;
				CLANG_WARN_EMPTY_BODY = YES;
				CLANG_WARN_ENUM_CONVERSION = YES;
				CLANG_WARN_INFINITE_RECURSION = YES;
				CLANG_WARN_INT_CONVERSION = YES;
				CLANG_WARN_NON_LITERAL_NULL_CONVERSION = YES;
				CLANG_WARN_OBJC_LITERAL_CONVERSION = YES;
				CLANG_WARN_OBJC_ROOT_CLASS = YES_ERROR;
				CLANG_WARN_RANGE_LOOP_ANALYSIS = YES;
				CLANG_WARN_STRICT_PROTOTYPES = YES;
				CLANG_WARN_SUSPICIOUS_MOVE = YES;
				CLANG_WARN_UNGUARDED_AVAILABILITY = YES_AGGRESSIVE;
				CLANG_WARN_UNREACHABLE_CODE = YES;
				CLANG_WARN__DUPLICATE_METHOD_MATCH = YES;
				CODE_SIGN_IDENTITY = "iPhone Developer";
				COPY_PHASE_STRIP = NO;
				DEBUG_INFORMATION_FORMAT = "dwarf-with-dsym";
				ENABLE_NS_ASSERTIONS = NO;
				ENABLE_STRICT_OBJC_MSGSEND = YES;
				GCC_C_LANGUAGE_STANDARD = gnu11;
				GCC_NO_COMMON_BLOCKS = YES;
				GCC_WARN_64_TO_32_BIT_CONVERSION = YES;
				GCC_WARN_ABOUT_RETURN_TYPE = YES_ERROR;
				GCC_WARN_UNDECLARED_SELECTOR = YES;
				GCC_WARN_UNINITIALIZED_AUTOS = YES_AGGRESSIVE;
				GCC_WARN_UNUSED_FUNCTION = YES;
				GCC_WARN_UNUSED_VARIABLE = YES;
				IPHONEOS_DEPLOYMENT_TARGET = 11.2;
				MTL_ENABLE_DEBUG_INFO = NO;
				SDKROOT = iphoneos;
				SWIFT_OPTIMIZATION_LEVEL = "-Owholemodule";
				VALIDATE_PRODUCT = YES;
			};
			name = Release;
		};
		13B3D0FC2042EC5200BB2479 /* Debug */ = {
			isa = XCBuildConfiguration;
			buildSettings = {
				ASSETCATALOG_COMPILER_APPICON_NAME = AppIcon;
				CODE_SIGN_STYLE = Automatic;
				INFOPLIST_FILE = FoodTracker/Info.plist;
				LD_RUNPATH_SEARCH_PATHS = "$(inherited) @executable_path/Frameworks";
				PRODUCT_BUNDLE_IDENTIFIER = com.app.eat.FoodTracker;
				PRODUCT_NAME = "$(TARGET_NAME)";
				SWIFT_VERSION = 4.0;
				TARGETED_DEVICE_FAMILY = "1,2";
			};
			name = Debug;
		};
		13B3D0FD2042EC5200BB2479 /* Release */ = {
			isa = XCBuildConfiguration;
			buildSettings = {
				ASSETCATALOG_COMPILER_APPICON_NAME = AppIcon;
				CODE_SIGN_STYLE = Automatic;
				INFOPLIST_FILE = FoodTracker/Info.plist;
				LD_RUNPATH_SEARCH_PATHS = "$(inherited) @executable_path/Frameworks";
				PRODUCT_BUNDLE_IDENTIFIER = com.app.eat.FoodTracker;
				PRODUCT_NAME = "$(TARGET_NAME)";
				SWIFT_VERSION = 4.0;
				TARGETED_DEVICE_FAMILY = "1,2";
			};
			name = Release;
		};
		13B3D0FF2042EC5200BB2479 /* Debug */ = {
			isa = XCBuildConfiguration;
			buildSettings = {
				ALWAYS_EMBED_SWIFT_STANDARD_LIBRARIES = YES;
				BUNDLE_LOADER = "$(TEST_HOST)";
				CODE_SIGN_STYLE = Automatic;
				INFOPLIST_FILE = FoodTrackerTests/Info.plist;
				LD_RUNPATH_SEARCH_PATHS = "$(inherited) @executable_path/Frameworks @loader_path/Frameworks";
				PRODUCT_BUNDLE_IDENTIFIER = com.app.eat.FoodTrackerTests;
				PRODUCT_NAME = "$(TARGET_NAME)";
				SWIFT_VERSION = 4.0;
				TARGETED_DEVICE_FAMILY = "1,2";
				TEST_HOST = "$(BUILT_PRODUCTS_DIR)/FoodTracker.app/FoodTracker";
			};
			name = Debug;
		};
		13B3D1002042EC5200BB2479 /* Release */ = {
			isa = XCBuildConfiguration;
			buildSettings = {
				ALWAYS_EMBED_SWIFT_STANDARD_LIBRARIES = YES;
				BUNDLE_LOADER = "$(TEST_HOST)";
				CODE_SIGN_STYLE = Automatic;
				INFOPLIST_FILE = FoodTrackerTests/Info.plist;
				LD_RUNPATH_SEARCH_PATHS = "$(inherited) @executable_path/Frameworks @loader_path/Frameworks";
				PRODUCT_BUNDLE_IDENTIFIER = com.app.eat.FoodTrackerTests;
				PRODUCT_NAME = "$(TARGET_NAME)";
				SWIFT_VERSION = 4.0;
				TARGETED_DEVICE_FAMILY = "1,2";
				TEST_HOST = "$(BUILT_PRODUCTS_DIR)/FoodTracker.app/FoodTracker";
			};
			name = Release;
		};
		13B3D1022042EC5200BB2479 /* Debug */ = {
			isa = XCBuildConfiguration;
			buildSettings = {
				ALWAYS_EMBED_SWIFT_STANDARD_LIBRARIES = YES;
				CODE_SIGN_STYLE = Automatic;
				INFOPLIST_FILE = FoodTrackerUITests/Info.plist;
				LD_RUNPATH_SEARCH_PATHS = "$(inherited) @executable_path/Frameworks @loader_path/Frameworks";
				PRODUCT_BUNDLE_IDENTIFIER = com.app.eat.FoodTrackerUITests;
				PRODUCT_NAME = "$(TARGET_NAME)";
				SWIFT_VERSION = 4.0;
				TARGETED_DEVICE_FAMILY = "1,2";
				TEST_TARGET_NAME = FoodTracker;
			};
			name = Debug;
		};
		13B3D1032042EC5200BB2479 /* Release */ = {
			isa = XCBuildConfiguration;
			buildSettings = {
				ALWAYS_EMBED_SWIFT_STANDARD_LIBRARIES = YES;
				CODE_SIGN_STYLE = Automatic;
				INFOPLIST_FILE = FoodTrackerUITests/Info.plist;
				LD_RUNPATH_SEARCH_PATHS = "$(inherited) @executable_path/Frameworks @loader_path/Frameworks";
				PRODUCT_BUNDLE_IDENTIFIER = com.app.eat.FoodTrackerUITests;
				PRODUCT_NAME = "$(TARGET_NAME)";
				SWIFT_VERSION = 4.0;
				TARGETED_DEVICE_FAMILY = "1,2";
				TEST_TARGET_NAME = FoodTracker;
			};
			name = Release;
		};
/* End XCBuildConfiguration section */

/* Begin XCConfigurationList section */
		13B3D0CE2042EC5200BB2479 /* Build configuration list for PBXProject "FoodTracker" */ = {
			isa = XCConfigurationList;
			buildConfigurations = (
				13B3D0F92042EC5200BB2479 /* Debug */,
				13B3D0FA2042EC5200BB2479 /* Release */,
			);
			defaultConfigurationIsVisible = 0;
			defaultConfigurationName = Release;
		};
		13B3D0FB2042EC5200BB2479 /* Build configuration list for PBXNativeTarget "FoodTracker" */ = {
			isa = XCConfigurationList;
			buildConfigurations = (
				13B3D0FC2042EC5200BB2479 /* Debug */,
				13B3D0FD2042EC5200BB2479 /* Release */,
			);
			defaultConfigurationIsVisible = 0;
			defaultConfigurationName = Release;
		};
		13B3D0FE2042EC5200BB2479 /* Build configuration list for PBXNativeTarget "FoodTrackerTests" */ = {
			isa = XCConfigurationList;
			buildConfigurations = (
				13B3D0FF2042EC5200BB2479 /* Debug */,
				13B3D1002042EC5200BB2479 /* Release */,
			);
			defaultConfigurationIsVisible = 0;
			defaultConfigurationName = Release;
		};
		13B3D1012042EC5200BB2479 /* Build configuration list for PBXNativeTarget "FoodTrackerUITests" */ = {
			isa = XCConfigurationList;
			buildConfigurations = (
				13B3D1022042EC5200BB2479 /* Debug */,
				13B3D1032042EC5200BB2479 /* Release */,
			);
			defaultConfigurationIsVisible = 0;
			defaultConfigurationName = Release;
		};
/* End XCConfigurationList section */

/* Begin XCVersionGroup section */
		5106694D20C82EF0003650D3 /* Meal.xcdatamodeld */ = {
			isa = XCVersionGroup;
			children = (
				5106694E20C82EF0003650D3 /* Meal.xcdatamodel */,
			);
			currentVersion = 5106694E20C82EF0003650D3 /* Meal.xcdatamodel */;
			path = Meal.xcdatamodeld;
			sourceTree = "<group>";
			versionGroupType = wrapper.xcdatamodel;
		};
/* End XCVersionGroup section */
	};
	rootObject = 13B3D0CB2042EC5200BB2479 /* Project object */;
}
